// !$*UTF8*$!
{
	archiveVersion = 1;
	classes = {
	};
	objectVersion = 46;
	objects = {

/* Begin PBXBuildFile section */
		526ABCB41DDE2D8100CA40E3 /* AppDelegate.swift in Sources */ = {isa = PBXBuildFile; fileRef = 526ABCB31DDE2D8100CA40E3 /* AppDelegate.swift */; };
		526ABCB61DDE2D8100CA40E3 /* MainVC.swift in Sources */ = {isa = PBXBuildFile; fileRef = 526ABCB51DDE2D8100CA40E3 /* MainVC.swift */; };
		526ABCB91DDE2D8100CA40E3 /* Main.storyboard in Resources */ = {isa = PBXBuildFile; fileRef = 526ABCB71DDE2D8100CA40E3 /* Main.storyboard */; };
		526ABCBB1DDE2D8100CA40E3 /* Assets.xcassets in Resources */ = {isa = PBXBuildFile; fileRef = 526ABCBA1DDE2D8100CA40E3 /* Assets.xcassets */; };
		526ABCBE1DDE2D8100CA40E3 /* LaunchScreen.storyboard in Resources */ = {isa = PBXBuildFile; fileRef = 526ABCBC1DDE2D8100CA40E3 /* LaunchScreen.storyboard */; };
/* End PBXBuildFile section */

/* Begin PBXFileReference section */
		526ABCB01DDE2D8100CA40E3 /* PartyRockApp.app */ = {isa = PBXFileReference; explicitFileType = wrapper.application; includeInIndex = 0; path = PartyRockApp.app; sourceTree = BUILT_PRODUCTS_DIR; };
		526ABCB31DDE2D8100CA40E3 /* AppDelegate.swift */ = {isa = PBXFileReference; lastKnownFileType = sourcecode.swift; path = AppDelegate.swift; sourceTree = "<group>"; };
		526ABCB51DDE2D8100CA40E3 /* MainVC.swift */ = {isa = PBXFileReference; lastKnownFileType = sourcecode.swift; path = MainVC.swift; sourceTree = "<group>"; };
		526ABCB81DDE2D8100CA40E3 /* Base */ = {isa = PBXFileReference; lastKnownFileType = file.storyboard; name = Base; path = Base.lproj/Main.storyboard; sourceTree = "<group>"; };
		526ABCBA1DDE2D8100CA40E3 /* Assets.xcassets */ = {isa = PBXFileReference; lastKnownFileType = folder.assetcatalog; path = Assets.xcassets; sourceTree = "<group>"; };
		526ABCBD1DDE2D8100CA40E3 /* Base */ = {isa = PBXFileReference; lastKnownFileType = file.storyboard; name = Base; path = Base.lproj/LaunchScreen.storyboard; sourceTree = "<group>"; };
		526ABCBF1DDE2D8100CA40E3 /* Info.plist */ = {isa = PBXFileReference; lastKnownFileType = text.plist.xml; path = Info.plist; sourceTree = "<group>"; };
/* End PBXFileReference section */

/* Begin PBXFrameworksBuildPhase section */
		526ABCAD1DDE2D8100CA40E3 /* Frameworks */ = {
			isa = PBXFrameworksBuildPhase;
			buildActionMask = 2147483647;
			files = (
			);
			runOnlyForDeploymentPostprocessing = 0;
		};
/* End PBXFrameworksBuildPhase section */

/* Begin PBXGroup section */
		526ABCA71DDE2D8100CA40E3 = {
			isa = PBXGroup;
			children = (
				526ABCB21DDE2D8100CA40E3 /* PartyRockApp */,
				526ABCB11DDE2D8100CA40E3 /* Products */,
			);
			sourceTree = "<group>";
		};
		526ABCB11DDE2D8100CA40E3 /* Products */ = {
			isa = PBXGroup;
			children = (
				526ABCB01DDE2D8100CA40E3 /* PartyRockApp.app */,
			);
			name = Products;
			sourceTree = "<group>";
		};
		526ABCB21DDE2D8100CA40E3 /* PartyRockApp */ = {
			isa = PBXGroup;
			children = (
				526ABCC71DDE31DA00CA40E3 /* Model */,
				526ABCC61DDE31D300CA40E3 /* View */,
				526ABCC51DDE31C100CA40E3 /* Controller */,
				526ABCB31DDE2D8100CA40E3 /* AppDelegate.swift */,
				526ABCB71DDE2D8100CA40E3 /* Main.storyboard */,
				526ABCBC1DDE2D8100CA40E3 /* LaunchScreen.storyboard */,
				526ABCBA1DDE2D8100CA40E3 /* Assets.xcassets */,
				526ABCBF1DDE2D8100CA40E3 /* Info.plist */,
			);
			path = PartyRockApp;
			sourceTree = "<group>";
		};
		526ABCC51DDE31C100CA40E3 /* Controller */ = {
			isa = PBXGroup;
			children = (
				526ABCB51DDE2D8100CA40E3 /* MainVC.swift */,
			);
			name = Controller;
			sourceTree = "<group>";
		};
		526ABCC61DDE31D300CA40E3 /* View */ = {
			isa = PBXGroup;
			children = (
			);
			name = View;
			sourceTree = "<group>";
		};
		526ABCC71DDE31DA00CA40E3 /* Model */ = {
			isa = PBXGroup;
			children = (
			);
			name = Model;
			sourceTree = "<group>";
		};
/* End PBXGroup section */

/* Begin PBXNativeTarget section */
		526ABCAF1DDE2D8100CA40E3 /* PartyRockApp */ = {
			isa = PBXNativeTarget;
			buildConfigurationList = 526ABCC21DDE2D8100CA40E3 /* Build configuration list for PBXNativeTarget "PartyRockApp" */;
			buildPhases = (
				526ABCAC1DDE2D8100CA40E3 /* Sources */,
				526ABCAD1DDE2D8100CA40E3 /* Frameworks */,
				526ABCAE1DDE2D8100CA40E3 /* Resources */,
			);
			buildRules = (
			);
			dependencies = (
			);
			name = PartyRockApp;
			productName = PartyRockApp;
			productReference = 526ABCB01DDE2D8100CA40E3 /* PartyRockApp.app */;
			productType = "com.apple.product-type.application";
		};
/* End PBXNativeTarget section */

/* Begin PBXProject section */
		526ABCA81DDE2D8100CA40E3 /* Project object */ = {
			isa = PBXProject;
			attributes = {
				LastSwiftUpdateCheck = 0800;
				LastUpgradeCheck = 0800;
				ORGANIZATIONNAME = jpclancy;
				TargetAttributes = {
					526ABCAF1DDE2D8100CA40E3 = {
						CreatedOnToolsVersion = 8.0;
						DevelopmentTeam = QK8E88EXNQ;
						ProvisioningStyle = Automatic;
					};
				};
			};
			buildConfigurationList = 526ABCAB1DDE2D8100CA40E3 /* Build configuration list for PBXProject "PartyRockApp" */;
			compatibilityVersion = "Xcode 3.2";
			developmentRegion = English;
			hasScannedForEncodings = 0;
			knownRegions = (
				en,
				Base,
			);
			mainGroup = 526ABCA71DDE2D8100CA40E3;
			productRefGroup = 526ABCB11DDE2D8100CA40E3 /* Products */;
			projectDirPath = "";
			projectRoot = "";
			targets = (
				526ABCAF1DDE2D8100CA40E3 /* PartyRockApp */,
			);
		};
/* End PBXProject section */

/* Begin PBXResourcesBuildPhase section */
		526ABCAE1DDE2D8100CA40E3 /* Resources */ = {
			isa = PBXResourcesBuildPhase;
			buildActionMask = 2147483647;
			files = (
				526ABCBE1DDE2D8100CA40E3 /* LaunchScreen.storyboard in Resources */,
				526ABCBB1DDE2D8100CA40E3 /* Assets.xcassets in Resources */,
				526ABCB91DDE2D8100CA40E3 /* Main.storyboard in Resources */,
			);
			runOnlyForDeploymentPostprocessing = 0;
		};
/* End PBXResourcesBuildPhase section */

/* Begin PBXSourcesBuildPhase section */
		526ABCAC1DDE2D8100CA40E3 /* Sources */ = {
			isa = PBXSourcesBuildPhase;
			buildActionMask = 2147483647;
			files = (
				526ABCB61DDE2D8100CA40E3 /* MainVC.swift in Sources */,
				526ABCB41DDE2D8100CA40E3 /* AppDelegate.swift in Sources */,
			);
			runOnlyForDeploymentPostprocessing = 0;
		};
/* End PBXSourcesBuildPhase section */

/* Begin PBXVariantGroup section */
		526ABCB71DDE2D8100CA40E3 /* Main.storyboard */ = {
			isa = PBXVariantGroup;
			children = (
				526ABCB81DDE2D8100CA40E3 /* Base */,
			);
			name = Main.storyboard;
			sourceTree = "<group>";
		};
		526ABCBC1DDE2D8100CA40E3 /* LaunchScreen.storyboard */ = {
			isa = PBXVariantGroup;
			children = (
				526ABCBD1DDE2D8100CA40E3 /* Base */,
			);
			name = LaunchScreen.storyboard;
			sourceTree = "<group>";
		};
/* End PBXVariantGroup section */

/* Begin XCBuildConfiguration section */
		526ABCC01DDE2D8100CA40E3 /* Debug */ = {
			isa = XCBuildConfiguration;
			buildSettings = {
				ALWAYS_SEARCH_USER_PATHS = NO;
				CLANG_ANALYZER_NONNULL = YES;
				CLANG_CXX_LANGUAGE_STANDARD = "gnu++0x";
				CLANG_CXX_LIBRARY = "libc++";
				CLANG_ENABLE_MODULES = YES;
				CLANG_ENABLE_OBJC_ARC = YES;
				CLANG_WARN_BOOL_CONVERSION = YES;
				CLANG_WARN_CONSTANT_CONVERSION = YES;
				CLANG_WARN_DIRECT_OBJC_ISA_USAGE = YES_ERROR;
				CLANG_WARN_DOCUMENTATION_COMMENTS = YES;
				CLANG_WARN_EMPTY_BODY = YES;
				CLANG_WARN_ENUM_CONVERSION = YES;
				CLANG_WARN_INFINITE_RECURSION = YES;
				CLANG_WARN_INT_CONVERSION = YES;
				CLANG_WARN_OBJC_ROOT_CLASS = YES_ERROR;
				CLANG_WARN_SUSPICIOUS_MOVES = YES;
				CLANG_WARN_UNREACHABLE_CODE = YES;
				CLANG_WARN__DUPLICATE_METHOD_MATCH = YES;
				"CODE_SIGN_IDENTITY[sdk=iphoneos*]" = "iPhone Developer";
				COPY_PHASE_STRIP = NO;
				DEBUG_INFORMATION_FORMAT = dwarf;
				ENABLE_STRICT_OBJC_MSGSEND = YES;
				ENABLE_TESTABILITY = YES;
				GCC_C_LANGUAGE_STANDARD = gnu99;
				GCC_DYNAMIC_NO_PIC = NO;
				GCC_NO_COMMON_BLOCKS = YES;
				GCC_OPTIMIZATION_LEVEL = 0;
				GCC_PREPROCESSOR_DEFINITIONS = (
					"DEBUG=1",
					"$(inherited)",
				);
				GCC_WARN_64_TO_32_BIT_CONVERSION = YES;
				GCC_WARN_ABOUT_RETURN_TYPE = YES_ERROR;
				GCC_WARN_UNDECLARED_SELECTOR = YES;
				GCC_WARN_UNINITIALIZED_AUTOS = YES_AGGRESSIVE;
				GCC_WARN_UNUSED_FUNCTION = YES;
				GCC_WARN_UNUSED_VARIABLE = YES;
				IPHONEOS_DEPLOYMENT_TARGET = 10.0;
				MTL_ENABLE_DEBUG_INFO = YES;
				ONLY_ACTIVE_ARCH = YES;
				SDKROOT = iphoneos;
				SWIFT_ACTIVE_COMPILATION_CONDITIONS = DEBUG;
				SWIFT_OPTIMIZATION_LEVEL = "-Onone";
				TARGETED_DEVICE_FAMILY = "1,2";
			};
			name = Debug;
		};
		526ABCC11DDE2D8100CA40E3 /* Release */ = {
			isa = XCBuildConfiguration;
			buildSettings = {
				ALWAYS_SEARCH_USER_PATHS = NO;
				CLANG_ANALYZER_NONNULL = YES;
				CLANG_CXX_LANGUAGE_STANDARD = "gnu++0x";
				CLANG_CXX_LIBRARY = "libc++";
				CLANG_ENABLE_MODULES = YES;
				CLANG_ENABLE_OBJC_ARC = YES;
				CLANG_WARN_BOOL_CONVERSION = YES;
				CLANG_WARN_CONSTANT_CONVERSION = YES;
				CLANG_WARN_DIRECT_OBJC_ISA_USAGE = YES_ERROR;
				CLANG_WARN_DOCUMENTATION_COMMENTS = YES;
				CLANG_WARN_EMPTY_BODY = YES;
				CLANG_WARN_ENUM_CONVERSION = YES;
				CLANG_WARN_INFINITE_RECURSION = YES;
				CLANG_WARN_INT_CONVERSION = YES;
				CLANG_WARN_OBJC_ROOT_CLASS = YES_ERROR;
				CLANG_WARN_SUSPICIOUS_MOVES = YES;
				CLANG_WARN_UNREACHABLE_CODE = YES;
				CLANG_WARN__DUPLICATE_METHOD_MATCH = YES;
				"CODE_SIGN_IDENTITY[sdk=iphoneos*]" = "iPhone Developer";
				COPY_PHASE_STRIP = NO;
				DEBUG_INFORMATION_FORMAT = "dwarf-with-dsym";
				ENABLE_NS_ASSERTIONS = NO;
				ENABLE_STRICT_OBJC_MSGSEND = YES;
				GCC_C_LANGUAGE_STANDARD = gnu99;
				GCC_NO_COMMON_BLOCKS = YES;
				GCC_WARN_64_TO_32_BIT_CONVERSION = YES;
				GCC_WARN_ABOUT_RETURN_TYPE = YES_ERROR;
				GCC_WARN_UNDECLARED_SELECTOR = YES;
				GCC_WARN_UNINITIALIZED_AUTOS = YES_AGGRESSIVE;
				GCC_WARN_UNUSED_FUNCTION = YES;
				GCC_WARN_UNUSED_VARIABLE = YES;
				IPHONEOS_DEPLOYMENT_TARGET = 10.0;
				MTL_ENABLE_DEBUG_INFO = NO;
				SDKROOT = iphoneos;
				SWIFT_OPTIMIZATION_LEVEL = "-Owholemodule";
				TARGETED_DEVICE_FAMILY = "1,2";
				VALIDATE_PRODUCT = YES;
			};
			name = Release;
		};
		526ABCC31DDE2D8100CA40E3 /* Debug */ = {
			isa = XCBuildConfiguration;
			buildSettings = {
				ASSETCATALOG_COMPILER_APPICON_NAME = AppIcon;
				DEVELOPMENT_TEAM = QK8E88EXNQ;
				INFOPLIST_FILE = PartyRockApp/Info.plist;
				LD_RUNPATH_SEARCH_PATHS = "$(inherited) @executable_path/Frameworks";
				PRODUCT_BUNDLE_IDENTIFIER = com.jpclancy.PartyRockApp;
				PRODUCT_NAME = "$(TARGET_NAME)";
				SWIFT_VERSION = 3.0;
			};
			name = Debug;
		};
		526ABCC41DDE2D8100CA40E3 /* Release */ = {
			isa = XCBuildConfiguration;
			buildSettings = {
				ASSETCATALOG_COMPILER_APPICON_NAME = AppIcon;
				DEVELOPMENT_TEAM = QK8E88EXNQ;
				INFOPLIST_FILE = PartyRockApp/Info.plist;
				LD_RUNPATH_SEARCH_PATHS = "$(inherited) @executable_path/Frameworks";
				PRODUCT_BUNDLE_IDENTIFIER = com.jpclancy.PartyRockApp;
				PRODUCT_NAME = "$(TARGET_NAME)";
				SWIFT_VERSION = 3.0;
			};
			name = Release;
		};
/* End XCBuildConfiguration section */

/* Begin XCConfigurationList section */
		526ABCAB1DDE2D8100CA40E3 /* Build configuration list for PBXProject "PartyRockApp" */ = {
			isa = XCConfigurationList;
			buildConfigurations = (
				526ABCC01DDE2D8100CA40E3 /* Debug */,
				526ABCC11DDE2D8100CA40E3 /* Release */,
			);
			defaultConfigurationIsVisible = 0;
			defaultConfigurationName = Release;
		};
		526ABCC21DDE2D8100CA40E3 /* Build configuration list for PBXNativeTarget "PartyRockApp" */ = {
			isa = XCConfigurationList;
			buildConfigurations = (
				526ABCC31DDE2D8100CA40E3 /* Debug */,
				526ABCC41DDE2D8100CA40E3 /* Release */,
			);
			defaultConfigurationIsVisible = 0;
		};
/* End XCConfigurationList section */
	};
	rootObject = 526ABCA81DDE2D8100CA40E3 /* Project object */;
}
